// !$*UTF8*$!
{
	archiveVersion = 1;
	classes = {
	};
	objectVersion = 56;
	objects = {

/* Begin PBXBuildFile section */
		254CFBB12A47443A006363F4 /* AppDelegate.swift in Sources */ = {isa = PBXBuildFile; fileRef = 254CFBB02A47443A006363F4 /* AppDelegate.swift */; };
		254CFBB32A47443A006363F4 /* SceneDelegate.swift in Sources */ = {isa = PBXBuildFile; fileRef = 254CFBB22A47443A006363F4 /* SceneDelegate.swift */; };
		254CFBB52A47443A006363F4 /* ViewController.swift in Sources */ = {isa = PBXBuildFile; fileRef = 254CFBB42A47443A006363F4 /* ViewController.swift */; };
		254CFBB82A47443A006363F4 /* Main.storyboard in Resources */ = {isa = PBXBuildFile; fileRef = 254CFBB62A47443A006363F4 /* Main.storyboard */; };
		254CFBBA2A47443C006363F4 /* Assets.xcassets in Resources */ = {isa = PBXBuildFile; fileRef = 254CFBB92A47443C006363F4 /* Assets.xcassets */; };
		254CFBBD2A47443C006363F4 /* LaunchScreen.storyboard in Resources */ = {isa = PBXBuildFile; fileRef = 254CFBBB2A47443C006363F4 /* LaunchScreen.storyboard */; };
		254CFBC82A47443D006363F4 /* ClientChatTests.swift in Sources */ = {isa = PBXBuildFile; fileRef = 254CFBC72A47443D006363F4 /* ClientChatTests.swift */; };
		254CFBD22A47443D006363F4 /* ClientChatUITests.swift in Sources */ = {isa = PBXBuildFile; fileRef = 254CFBD12A47443D006363F4 /* ClientChatUITests.swift */; };
		254CFBD42A47443D006363F4 /* ClientChatUITestsLaunchTests.swift in Sources */ = {isa = PBXBuildFile; fileRef = 254CFBD32A47443D006363F4 /* ClientChatUITestsLaunchTests.swift */; };
		25F29A202A4C5D000008E1BD /* SocketIOManager.swift in Sources */ = {isa = PBXBuildFile; fileRef = 25F29A1F2A4C5D000008E1BD /* SocketIOManager.swift */; };
		25F29A512A4C63060008E1BD /* SocketIO in Frameworks */ = {isa = PBXBuildFile; productRef = 25F29A502A4C63060008E1BD /* SocketIO */; };
/* End PBXBuildFile section */

/* Begin PBXContainerItemProxy section */
		254CFBC42A47443D006363F4 /* PBXContainerItemProxy */ = {
			isa = PBXContainerItemProxy;
			containerPortal = 254CFBA52A47443A006363F4 /* Project object */;
			proxyType = 1;
			remoteGlobalIDString = 254CFBAC2A47443A006363F4;
			remoteInfo = ClientChat;
		};
		254CFBCE2A47443D006363F4 /* PBXContainerItemProxy */ = {
			isa = PBXContainerItemProxy;
			containerPortal = 254CFBA52A47443A006363F4 /* Project object */;
			proxyType = 1;
			remoteGlobalIDString = 254CFBAC2A47443A006363F4;
			remoteInfo = ClientChat;
		};
/* End PBXContainerItemProxy section */

/* Begin PBXFileReference section */
		254CFBAD2A47443A006363F4 /* ClientChat.app */ = {isa = PBXFileReference; explicitFileType = wrapper.application; includeInIndex = 0; path = ClientChat.app; sourceTree = BUILT_PRODUCTS_DIR; };
		254CFBB02A47443A006363F4 /* AppDelegate.swift */ = {isa = PBXFileReference; lastKnownFileType = sourcecode.swift; path = AppDelegate.swift; sourceTree = "<group>"; };
		254CFBB22A47443A006363F4 /* SceneDelegate.swift */ = {isa = PBXFileReference; lastKnownFileType = sourcecode.swift; path = SceneDelegate.swift; sourceTree = "<group>"; };
		254CFBB42A47443A006363F4 /* ViewController.swift */ = {isa = PBXFileReference; lastKnownFileType = sourcecode.swift; path = ViewController.swift; sourceTree = "<group>"; };
		254CFBB72A47443A006363F4 /* Base */ = {isa = PBXFileReference; lastKnownFileType = file.storyboard; name = Base; path = Base.lproj/Main.storyboard; sourceTree = "<group>"; };
		254CFBB92A47443C006363F4 /* Assets.xcassets */ = {isa = PBXFileReference; lastKnownFileType = folder.assetcatalog; path = Assets.xcassets; sourceTree = "<group>"; };
		254CFBBC2A47443C006363F4 /* Base */ = {isa = PBXFileReference; lastKnownFileType = file.storyboard; name = Base; path = Base.lproj/LaunchScreen.storyboard; sourceTree = "<group>"; };
		254CFBBE2A47443C006363F4 /* Info.plist */ = {isa = PBXFileReference; lastKnownFileType = text.plist.xml; path = Info.plist; sourceTree = "<group>"; };
		254CFBC32A47443D006363F4 /* ClientChatTests.xctest */ = {isa = PBXFileReference; explicitFileType = wrapper.cfbundle; includeInIndex = 0; path = ClientChatTests.xctest; sourceTree = BUILT_PRODUCTS_DIR; };
		254CFBC72A47443D006363F4 /* ClientChatTests.swift */ = {isa = PBXFileReference; lastKnownFileType = sourcecode.swift; path = ClientChatTests.swift; sourceTree = "<group>"; };
		254CFBCD2A47443D006363F4 /* ClientChatUITests.xctest */ = {isa = PBXFileReference; explicitFileType = wrapper.cfbundle; includeInIndex = 0; path = ClientChatUITests.xctest; sourceTree = BUILT_PRODUCTS_DIR; };
		254CFBD12A47443D006363F4 /* ClientChatUITests.swift */ = {isa = PBXFileReference; lastKnownFileType = sourcecode.swift; path = ClientChatUITests.swift; sourceTree = "<group>"; };
		254CFBD32A47443D006363F4 /* ClientChatUITestsLaunchTests.swift */ = {isa = PBXFileReference; lastKnownFileType = sourcecode.swift; path = ClientChatUITestsLaunchTests.swift; sourceTree = "<group>"; };
		25F29A1F2A4C5D000008E1BD /* SocketIOManager.swift */ = {isa = PBXFileReference; lastKnownFileType = sourcecode.swift; path = SocketIOManager.swift; sourceTree = "<group>"; };
/* End PBXFileReference section */

/* Begin PBXFrameworksBuildPhase section */
		254CFBAA2A47443A006363F4 /* Frameworks */ = {
			isa = PBXFrameworksBuildPhase;
			buildActionMask = 2147483647;
			files = (
				25F29A512A4C63060008E1BD /* SocketIO in Frameworks */,
			);
			runOnlyForDeploymentPostprocessing = 0;
		};
		254CFBC02A47443D006363F4 /* Frameworks */ = {
			isa = PBXFrameworksBuildPhase;
			buildActionMask = 2147483647;
			files = (
			);
			runOnlyForDeploymentPostprocessing = 0;
		};
		254CFBCA2A47443D006363F4 /* Frameworks */ = {
			isa = PBXFrameworksBuildPhase;
			buildActionMask = 2147483647;
			files = (
			);
			runOnlyForDeploymentPostprocessing = 0;
		};
/* End PBXFrameworksBuildPhase section */

/* Begin PBXGroup section */
		254CFBA42A47443A006363F4 = {
			isa = PBXGroup;
			children = (
				254CFBAF2A47443A006363F4 /* ClientChat */,
				254CFBC62A47443D006363F4 /* ClientChatTests */,
				254CFBD02A47443D006363F4 /* ClientChatUITests */,
				254CFBAE2A47443A006363F4 /* Products */,
			);
			sourceTree = "<group>";
		};
		254CFBAE2A47443A006363F4 /* Products */ = {
			isa = PBXGroup;
			children = (
				254CFBAD2A47443A006363F4 /* ClientChat.app */,
				254CFBC32A47443D006363F4 /* ClientChatTests.xctest */,
				254CFBCD2A47443D006363F4 /* ClientChatUITests.xctest */,
			);
			name = Products;
			sourceTree = "<group>";
		};
		254CFBAF2A47443A006363F4 /* ClientChat */ = {
			isa = PBXGroup;
			children = (
				254CFBB02A47443A006363F4 /* AppDelegate.swift */,
				254CFBB22A47443A006363F4 /* SceneDelegate.swift */,
				254CFBB42A47443A006363F4 /* ViewController.swift */,
				25F29A1F2A4C5D000008E1BD /* SocketIOManager.swift */,
				254CFBB62A47443A006363F4 /* Main.storyboard */,
				254CFBB92A47443C006363F4 /* Assets.xcassets */,
				254CFBBB2A47443C006363F4 /* LaunchScreen.storyboard */,
				254CFBBE2A47443C006363F4 /* Info.plist */,
			);
			path = ClientChat;
			sourceTree = "<group>";
		};
		254CFBC62A47443D006363F4 /* ClientChatTests */ = {
			isa = PBXGroup;
			children = (
				254CFBC72A47443D006363F4 /* ClientChatTests.swift */,
			);
			path = ClientChatTests;
			sourceTree = "<group>";
		};
		254CFBD02A47443D006363F4 /* ClientChatUITests */ = {
			isa = PBXGroup;
			children = (
				254CFBD12A47443D006363F4 /* ClientChatUITests.swift */,
				254CFBD32A47443D006363F4 /* ClientChatUITestsLaunchTests.swift */,
			);
			path = ClientChatUITests;
			sourceTree = "<group>";
		};
/* End PBXGroup section */

/* Begin PBXNativeTarget section */
		254CFBAC2A47443A006363F4 /* ClientChat */ = {
			isa = PBXNativeTarget;
			buildConfigurationList = 254CFBD72A47443D006363F4 /* Build configuration list for PBXNativeTarget "ClientChat" */;
			buildPhases = (
				254CFBA92A47443A006363F4 /* Sources */,
				254CFBAA2A47443A006363F4 /* Frameworks */,
				254CFBAB2A47443A006363F4 /* Resources */,
			);
			buildRules = (
			);
			dependencies = (
			);
			name = ClientChat;
			packageProductDependencies = (
				25F29A502A4C63060008E1BD /* SocketIO */,
			);
			productName = ClientChat;
			productReference = 254CFBAD2A47443A006363F4 /* ClientChat.app */;
			productType = "com.apple.product-type.application";
		};
		254CFBC22A47443D006363F4 /* ClientChatTests */ = {
			isa = PBXNativeTarget;
			buildConfigurationList = 254CFBDA2A47443D006363F4 /* Build configuration list for PBXNativeTarget "ClientChatTests" */;
			buildPhases = (
				254CFBBF2A47443D006363F4 /* Sources */,
				254CFBC02A47443D006363F4 /* Frameworks */,
				254CFBC12A47443D006363F4 /* Resources */,
			);
			buildRules = (
			);
			dependencies = (
				254CFBC52A47443D006363F4 /* PBXTargetDependency */,
			);
			name = ClientChatTests;
			productName = ClientChatTests;
			productReference = 254CFBC32A47443D006363F4 /* ClientChatTests.xctest */;
			productType = "com.apple.product-type.bundle.unit-test";
		};
		254CFBCC2A47443D006363F4 /* ClientChatUITests */ = {
			isa = PBXNativeTarget;
			buildConfigurationList = 254CFBDD2A47443D006363F4 /* Build configuration list for PBXNativeTarget "ClientChatUITests" */;
			buildPhases = (
				254CFBC92A47443D006363F4 /* Sources */,
				254CFBCA2A47443D006363F4 /* Frameworks */,
				254CFBCB2A47443D006363F4 /* Resources */,
			);
			buildRules = (
			);
			dependencies = (
				254CFBCF2A47443D006363F4 /* PBXTargetDependency */,
			);
			name = ClientChatUITests;
			productName = ClientChatUITests;
			productReference = 254CFBCD2A47443D006363F4 /* ClientChatUITests.xctest */;
			productType = "com.apple.product-type.bundle.ui-testing";
		};
/* End PBXNativeTarget section */

/* Begin PBXProject section */
		254CFBA52A47443A006363F4 /* Project object */ = {
			isa = PBXProject;
			attributes = {
				BuildIndependentTargetsInParallel = 1;
				LastSwiftUpdateCheck = 1430;
				LastUpgradeCheck = 1430;
				TargetAttributes = {
					254CFBAC2A47443A006363F4 = {
						CreatedOnToolsVersion = 14.3.1;
					};
					254CFBC22A47443D006363F4 = {
						CreatedOnToolsVersion = 14.3.1;
						TestTargetID = 254CFBAC2A47443A006363F4;
					};
					254CFBCC2A47443D006363F4 = {
						CreatedOnToolsVersion = 14.3.1;
						TestTargetID = 254CFBAC2A47443A006363F4;
					};
				};
			};
			buildConfigurationList = 254CFBA82A47443A006363F4 /* Build configuration list for PBXProject "ClientChat" */;
			compatibilityVersion = "Xcode 14.0";
			developmentRegion = en;
			hasScannedForEncodings = 0;
			knownRegions = (
				en,
				Base,
			);
			mainGroup = 254CFBA42A47443A006363F4;
			packageReferences = (
				25F29A4F2A4C63060008E1BD /* XCRemoteSwiftPackageReference "socket" */,
			);
			productRefGroup = 254CFBAE2A47443A006363F4 /* Products */;
			projectDirPath = "";
			projectRoot = "";
			targets = (
				254CFBAC2A47443A006363F4 /* ClientChat */,
				254CFBC22A47443D006363F4 /* ClientChatTests */,
				254CFBCC2A47443D006363F4 /* ClientChatUITests */,
			);
		};
/* End PBXProject section */

/* Begin PBXResourcesBuildPhase section */
		254CFBAB2A47443A006363F4 /* Resources */ = {
			isa = PBXResourcesBuildPhase;
			buildActionMask = 2147483647;
			files = (
				254CFBBD2A47443C006363F4 /* LaunchScreen.storyboard in Resources */,
				254CFBBA2A47443C006363F4 /* Assets.xcassets in Resources */,
				254CFBB82A47443A006363F4 /* Main.storyboard in Resources */,
			);
			runOnlyForDeploymentPostprocessing = 0;
		};
		254CFBC12A47443D006363F4 /* Resources */ = {
			isa = PBXResourcesBuildPhase;
			buildActionMask = 2147483647;
			files = (
			);
			runOnlyForDeploymentPostprocessing = 0;
		};
		254CFBCB2A47443D006363F4 /* Resources */ = {
			isa = PBXResourcesBuildPhase;
			buildActionMask = 2147483647;
			files = (
			);
			runOnlyForDeploymentPostprocessing = 0;
		};
/* End PBXResourcesBuildPhase section */

/* Begin PBXSourcesBuildPhase section */
		254CFBA92A47443A006363F4 /* Sources */ = {
			isa = PBXSourcesBuildPhase;
			buildActionMask = 2147483647;
			files = (
				25F29A202A4C5D000008E1BD /* SocketIOManager.swift in Sources */,
				254CFBB52A47443A006363F4 /* ViewController.swift in Sources */,
				254CFBB12A47443A006363F4 /* AppDelegate.swift in Sources */,
				254CFBB32A47443A006363F4 /* SceneDelegate.swift in Sources */,
			);
			runOnlyForDeploymentPostprocessing = 0;
		};
		254CFBBF2A47443D006363F4 /* Sources */ = {
			isa = PBXSourcesBuildPhase;
			buildActionMask = 2147483647;
			files = (
				254CFBC82A47443D006363F4 /* ClientChatTests.swift in Sources */,
			);
			runOnlyForDeploymentPostprocessing = 0;
		};
		254CFBC92A47443D006363F4 /* Sources */ = {
			isa = PBXSourcesBuildPhase;
			buildActionMask = 2147483647;
			files = (
				254CFBD22A47443D006363F4 /* ClientChatUITests.swift in Sources */,
				254CFBD42A47443D006363F4 /* ClientChatUITestsLaunchTests.swift in Sources */,
			);
			runOnlyForDeploymentPostprocessing = 0;
		};
/* End PBXSourcesBuildPhase section */

/* Begin PBXTargetDependency section */
		254CFBC52A47443D006363F4 /* PBXTargetDependency */ = {
			isa = PBXTargetDependency;
			target = 254CFBAC2A47443A006363F4 /* ClientChat */;
			targetProxy = 254CFBC42A47443D006363F4 /* PBXContainerItemProxy */;
		};
		254CFBCF2A47443D006363F4 /* PBXTargetDependency */ = {
			isa = PBXTargetDependency;
			target = 254CFBAC2A47443A006363F4 /* ClientChat */;
			targetProxy = 254CFBCE2A47443D006363F4 /* PBXContainerItemProxy */;
		};
/* End PBXTargetDependency section */

/* Begin PBXVariantGroup section */
		254CFBB62A47443A006363F4 /* Main.storyboard */ = {
			isa = PBXVariantGroup;
			children = (
				254CFBB72A47443A006363F4 /* Base */,
			);
			name = Main.storyboard;
			sourceTree = "<group>";
		};
		254CFBBB2A47443C006363F4 /* LaunchScreen.storyboard */ = {
			isa = PBXVariantGroup;
			children = (
				254CFBBC2A47443C006363F4 /* Base */,
			);
			name = LaunchScreen.storyboard;
			sourceTree = "<group>";
		};
/* End PBXVariantGroup section */

/* Begin XCBuildConfiguration section */
		254CFBD52A47443D006363F4 /* Debug */ = {
			isa = XCBuildConfiguration;
			buildSettings = {
				ALWAYS_SEARCH_USER_PATHS = NO;
				CLANG_ANALYZER_NONNULL = YES;
				CLANG_ANALYZER_NUMBER_OBJECT_CONVERSION = YES_AGGRESSIVE;
				CLANG_CXX_LANGUAGE_STANDARD = "gnu++20";
				CLANG_ENABLE_MODULES = YES;
				CLANG_ENABLE_OBJC_ARC = YES;
				CLANG_ENABLE_OBJC_WEAK = YES;
				CLANG_WARN_BLOCK_CAPTURE_AUTORELEASING = YES;
				CLANG_WARN_BOOL_CONVERSION = YES;
				CLANG_WARN_COMMA = YES;
				CLANG_WARN_CONSTANT_CONVERSION = YES;
				CLANG_WARN_DEPRECATED_OBJC_IMPLEMENTATIONS = YES;
				CLANG_WARN_DIRECT_OBJC_ISA_USAGE = YES_ERROR;
				CLANG_WARN_DOCUMENTATION_COMMENTS = YES;
				CLANG_WARN_EMPTY_BODY = YES;
				CLANG_WARN_ENUM_CONVERSION = YES;
				CLANG_WARN_INFINITE_RECURSION = YES;
				CLANG_WARN_INT_CONVERSION = YES;
				CLANG_WARN_NON_LITERAL_NULL_CONVERSION = YES;
				CLANG_WARN_OBJC_IMPLICIT_RETAIN_SELF = YES;
				CLANG_WARN_OBJC_LITERAL_CONVERSION = YES;
				CLANG_WARN_OBJC_ROOT_CLASS = YES_ERROR;
				CLANG_WARN_QUOTED_INCLUDE_IN_FRAMEWORK_HEADER = YES;
				CLANG_WARN_RANGE_LOOP_ANALYSIS = YES;
				CLANG_WARN_STRICT_PROTOTYPES = YES;
				CLANG_WARN_SUSPICIOUS_MOVE = YES;
				CLANG_WARN_UNGUARDED_AVAILABILITY = YES_AGGRESSIVE;
				CLANG_WARN_UNREACHABLE_CODE = YES;
				CLANG_WARN__DUPLICATE_METHOD_MATCH = YES;
				COPY_PHASE_STRIP = NO;
				DEBUG_INFORMATION_FORMAT = dwarf;
				ENABLE_STRICT_OBJC_MSGSEND = YES;
				ENABLE_TESTABILITY = YES;
				GCC_C_LANGUAGE_STANDARD = gnu11;
				GCC_DYNAMIC_NO_PIC = NO;
				GCC_NO_COMMON_BLOCKS = YES;
				GCC_OPTIMIZATION_LEVEL = 0;
				GCC_PREPROCESSOR_DEFINITIONS = (
					"DEBUG=1",
					"$(inherited)",
				);
				GCC_WARN_64_TO_32_BIT_CONVERSION = YES;
				GCC_WARN_ABOUT_RETURN_TYPE = YES_ERROR;
				GCC_WARN_UNDECLARED_SELECTOR = YES;
				GCC_WARN_UNINITIALIZED_AUTOS = YES_AGGRESSIVE;
				GCC_WARN_UNUSED_FUNCTION = YES;
				GCC_WARN_UNUSED_VARIABLE = YES;
				IPHONEOS_DEPLOYMENT_TARGET = 16.4;
				MTL_ENABLE_DEBUG_INFO = INCLUDE_SOURCE;
				MTL_FAST_MATH = YES;
				ONLY_ACTIVE_ARCH = YES;
				SDKROOT = iphoneos;
				SWIFT_ACTIVE_COMPILATION_CONDITIONS = DEBUG;
				SWIFT_OPTIMIZATION_LEVEL = "-Onone";
			};
			name = Debug;
		};
		254CFBD62A47443D006363F4 /* Release */ = {
			isa = XCBuildConfiguration;
			buildSettings = {
				ALWAYS_SEARCH_USER_PATHS = NO;
				CLANG_ANALYZER_NONNULL = YES;
				CLANG_ANALYZER_NUMBER_OBJECT_CONVERSION = YES_AGGRESSIVE;
				CLANG_CXX_LANGUAGE_STANDARD = "gnu++20";
				CLANG_ENABLE_MODULES = YES;
				CLANG_ENABLE_OBJC_ARC = YES;
				CLANG_ENABLE_OBJC_WEAK = YES;
				CLANG_WARN_BLOCK_CAPTURE_AUTORELEASING = YES;
				CLANG_WARN_BOOL_CONVERSION = YES;
				CLANG_WARN_COMMA = YES;
				CLANG_WARN_CONSTANT_CONVERSION = YES;
				CLANG_WARN_DEPRECATED_OBJC_IMPLEMENTATIONS = YES;
				CLANG_WARN_DIRECT_OBJC_ISA_USAGE = YES_ERROR;
				CLANG_WARN_DOCUMENTATION_COMMENTS = YES;
				CLANG_WARN_EMPTY_BODY = YES;
				CLANG_WARN_ENUM_CONVERSION = YES;
				CLANG_WARN_INFINITE_RECURSION = YES;
				CLANG_WARN_INT_CONVERSION = YES;
				CLANG_WARN_NON_LITERAL_NULL_CONVERSION = YES;
				CLANG_WARN_OBJC_IMPLICIT_RETAIN_SELF = YES;
				CLANG_WARN_OBJC_LITERAL_CONVERSION = YES;
				CLANG_WARN_OBJC_ROOT_CLASS = YES_ERROR;
				CLANG_WARN_QUOTED_INCLUDE_IN_FRAMEWORK_HEADER = YES;
				CLANG_WARN_RANGE_LOOP_ANALYSIS = YES;
				CLANG_WARN_STRICT_PROTOTYPES = YES;
				CLANG_WARN_SUSPICIOUS_MOVE = YES;
				CLANG_WARN_UNGUARDED_AVAILABILITY = YES_AGGRESSIVE;
				CLANG_WARN_UNREACHABLE_CODE = YES;
				CLANG_WARN__DUPLICATE_METHOD_MATCH = YES;
				COPY_PHASE_STRIP = NO;
				DEBUG_INFORMATION_FORMAT = "dwarf-with-dsym";
				ENABLE_NS_ASSERTIONS = NO;
				ENABLE_STRICT_OBJC_MSGSEND = YES;
				GCC_C_LANGUAGE_STANDARD = gnu11;
				GCC_NO_COMMON_BLOCKS = YES;
				GCC_WARN_64_TO_32_BIT_CONVERSION = YES;
				GCC_WARN_ABOUT_RETURN_TYPE = YES_ERROR;
				GCC_WARN_UNDECLARED_SELECTOR = YES;
				GCC_WARN_UNINITIALIZED_AUTOS = YES_AGGRESSIVE;
				GCC_WARN_UNUSED_FUNCTION = YES;
				GCC_WARN_UNUSED_VARIABLE = YES;
				IPHONEOS_DEPLOYMENT_TARGET = 16.4;
				MTL_ENABLE_DEBUG_INFO = NO;
				MTL_FAST_MATH = YES;
				SDKROOT = iphoneos;
				SWIFT_COMPILATION_MODE = wholemodule;
				SWIFT_OPTIMIZATION_LEVEL = "-O";
				VALIDATE_PRODUCT = YES;
			};
			name = Release;
		};
		254CFBD82A47443D006363F4 /* Debug */ = {
			isa = XCBuildConfiguration;
			buildSettings = {
				ASSETCATALOG_COMPILER_APPICON_NAME = AppIcon;
				ASSETCATALOG_COMPILER_GLOBAL_ACCENT_COLOR_NAME = AccentColor;
				CODE_SIGN_STYLE = Automatic;
				CURRENT_PROJECT_VERSION = 1;
				GENERATE_INFOPLIST_FILE = YES;
				INFOPLIST_FILE = ClientChat/Info.plist;
				INFOPLIST_KEY_UIApplicationSupportsIndirectInputEvents = YES;
				INFOPLIST_KEY_UILaunchStoryboardName = LaunchScreen;
				INFOPLIST_KEY_UIMainStoryboardFile = Main;
				INFOPLIST_KEY_UISupportedInterfaceOrientations_iPad = "UIInterfaceOrientationPortrait UIInterfaceOrientationPortraitUpsideDown UIInterfaceOrientationLandscapeLeft UIInterfaceOrientationLandscapeRight";
				INFOPLIST_KEY_UISupportedInterfaceOrientations_iPhone = "UIInterfaceOrientationPortrait UIInterfaceOrientationLandscapeLeft UIInterfaceOrientationLandscapeRight";
				LD_RUNPATH_SEARCH_PATHS = (
					"$(inherited)",
					"@executable_path/Frameworks",
				);
				MARKETING_VERSION = 1.0;
				PRODUCT_BUNDLE_IDENTIFIER = that.daniboy.ClientChat;
				PRODUCT_NAME = "$(TARGET_NAME)";
				SWIFT_EMIT_LOC_STRINGS = YES;
				SWIFT_VERSION = 5.0;
				TARGETED_DEVICE_FAMILY = "1,2";
			};
			name = Debug;
		};
		254CFBD92A47443D006363F4 /* Release */ = {
			isa = XCBuildConfiguration;
			buildSettings = {
				ASSETCATALOG_COMPILER_APPICON_NAME = AppIcon;
				ASSETCATALOG_COMPILER_GLOBAL_ACCENT_COLOR_NAME = AccentColor;
				CODE_SIGN_STYLE = Automatic;
				CURRENT_PROJECT_VERSION = 1;
				GENERATE_INFOPLIST_FILE = YES;
				INFOPLIST_FILE = ClientChat/Info.plist;
				INFOPLIST_KEY_UIApplicationSupportsIndirectInputEvents = YES;
				INFOPLIST_KEY_UILaunchStoryboardName = LaunchScreen;
				INFOPLIST_KEY_UIMainStoryboardFile = Main;
				INFOPLIST_KEY_UISupportedInterfaceOrientations_iPad = "UIInterfaceOrientationPortrait UIInterfaceOrientationPortraitUpsideDown UIInterfaceOrientationLandscapeLeft UIInterfaceOrientationLandscapeRight";
				INFOPLIST_KEY_UISupportedInterfaceOrientations_iPhone = "UIInterfaceOrientationPortrait UIInterfaceOrientationLandscapeLeft UIInterfaceOrientationLandscapeRight";
				LD_RUNPATH_SEARCH_PATHS = (
					"$(inherited)",
					"@executable_path/Frameworks",
				);
				MARKETING_VERSION = 1.0;
				PRODUCT_BUNDLE_IDENTIFIER = that.daniboy.ClientChat;
				PRODUCT_NAME = "$(TARGET_NAME)";
				SWIFT_EMIT_LOC_STRINGS = YES;
				SWIFT_VERSION = 5.0;
				TARGETED_DEVICE_FAMILY = "1,2";
			};
			name = Release;
		};
		254CFBDB2A47443D006363F4 /* Debug */ = {
			isa = XCBuildConfiguration;
			buildSettings = {
				ALWAYS_EMBED_SWIFT_STANDARD_LIBRARIES = YES;
				BUNDLE_LOADER = "$(TEST_HOST)";
				CODE_SIGN_STYLE = Automatic;
				CURRENT_PROJECT_VERSION = 1;
				GENERATE_INFOPLIST_FILE = YES;
				IPHONEOS_DEPLOYMENT_TARGET = 16.4;
				MARKETING_VERSION = 1.0;
				PRODUCT_BUNDLE_IDENTIFIER = that.daniboy.ClientChatTests;
				PRODUCT_NAME = "$(TARGET_NAME)";
				SWIFT_EMIT_LOC_STRINGS = NO;
				SWIFT_VERSION = 5.0;
				TARGETED_DEVICE_FAMILY = "1,2";
				TEST_HOST = "$(BUILT_PRODUCTS_DIR)/ClientChat.app/$(BUNDLE_EXECUTABLE_FOLDER_PATH)/ClientChat";
			};
			name = Debug;
		};
		254CFBDC2A47443D006363F4 /* Release */ = {
			isa = XCBuildConfiguration;
			buildSettings = {
				ALWAYS_EMBED_SWIFT_STANDARD_LIBRARIES = YES;
				BUNDLE_LOADER = "$(TEST_HOST)";
				CODE_SIGN_STYLE = Automatic;
				CURRENT_PROJECT_VERSION = 1;
				GENERATE_INFOPLIST_FILE = YES;
				IPHONEOS_DEPLOYMENT_TARGET = 16.4;
				MARKETING_VERSION = 1.0;
				PRODUCT_BUNDLE_IDENTIFIER = that.daniboy.ClientChatTests;
				PRODUCT_NAME = "$(TARGET_NAME)";
				SWIFT_EMIT_LOC_STRINGS = NO;
				SWIFT_VERSION = 5.0;
				TARGETED_DEVICE_FAMILY = "1,2";
				TEST_HOST = "$(BUILT_PRODUCTS_DIR)/ClientChat.app/$(BUNDLE_EXECUTABLE_FOLDER_PATH)/ClientChat";
			};
			name = Release;
		};
		254CFBDE2A47443D006363F4 /* Debug */ = {
			isa = XCBuildConfiguration;
			buildSettings = {
				ALWAYS_EMBED_SWIFT_STANDARD_LIBRARIES = YES;
				CODE_SIGN_STYLE = Automatic;
				CURRENT_PROJECT_VERSION = 1;
				GENERATE_INFOPLIST_FILE = YES;
				MARKETING_VERSION = 1.0;
				PRODUCT_BUNDLE_IDENTIFIER = that.daniboy.ClientChatUITests;
				PRODUCT_NAME = "$(TARGET_NAME)";
				SWIFT_EMIT_LOC_STRINGS = NO;
				SWIFT_VERSION = 5.0;
				TARGETED_DEVICE_FAMILY = "1,2";
				TEST_TARGET_NAME = ClientChat;
			};
			name = Debug;
		};
		254CFBDF2A47443D006363F4 /* Release */ = {
			isa = XCBuildConfiguration;
			buildSettings = {
				ALWAYS_EMBED_SWIFT_STANDARD_LIBRARIES = YES;
				CODE_SIGN_STYLE = Automatic;
				CURRENT_PROJECT_VERSION = 1;
				GENERATE_INFOPLIST_FILE = YES;
				MARKETING_VERSION = 1.0;
				PRODUCT_BUNDLE_IDENTIFIER = that.daniboy.ClientChatUITests;
				PRODUCT_NAME = "$(TARGET_NAME)";
				SWIFT_EMIT_LOC_STRINGS = NO;
				SWIFT_VERSION = 5.0;
				TARGETED_DEVICE_FAMILY = "1,2";
				TEST_TARGET_NAME = ClientChat;
			};
			name = Release;
		};
/* End XCBuildConfiguration section */

/* Begin XCConfigurationList section */
		254CFBA82A47443A006363F4 /* Build configuration list for PBXProject "ClientChat" */ = {
			isa = XCConfigurationList;
			buildConfigurations = (
				254CFBD52A47443D006363F4 /* Debug */,
				254CFBD62A47443D006363F4 /* Release */,
			);
			defaultConfigurationIsVisible = 0;
			defaultConfigurationName = Release;
		};
		254CFBD72A47443D006363F4 /* Build configuration list for PBXNativeTarget "ClientChat" */ = {
			isa = XCConfigurationList;
			buildConfigurations = (
				254CFBD82A47443D006363F4 /* Debug */,
				254CFBD92A47443D006363F4 /* Release */,
			);
			defaultConfigurationIsVisible = 0;
			defaultConfigurationName = Release;
		};
		254CFBDA2A47443D006363F4 /* Build configuration list for PBXNativeTarget "ClientChatTests" */ = {
			isa = XCConfigurationList;
			buildConfigurations = (
				254CFBDB2A47443D006363F4 /* Debug */,
				254CFBDC2A47443D006363F4 /* Release */,
			);
			defaultConfigurationIsVisible = 0;
			defaultConfigurationName = Release;
		};
		254CFBDD2A47443D006363F4 /* Build configuration list for PBXNativeTarget "ClientChatUITests" */ = {
			isa = XCConfigurationList;
			buildConfigurations = (
				254CFBDE2A47443D006363F4 /* Debug */,
				254CFBDF2A47443D006363F4 /* Release */,
			);
			defaultConfigurationIsVisible = 0;
			defaultConfigurationName = Release;
		};
/* End XCConfigurationList section */

/* Begin XCRemoteSwiftPackageReference section */
		25F29A4F2A4C63060008E1BD /* XCRemoteSwiftPackageReference "socket" */ = {
			isa = XCRemoteSwiftPackageReference;
			repositoryURL = "https://github.com/socketio/socket.io-client-swift";
			requirement = {
				branch = master;
				kind = branch;
			};
		};
/* End XCRemoteSwiftPackageReference section */

/* Begin XCSwiftPackageProductDependency section */
		25F29A502A4C63060008E1BD /* SocketIO */ = {
			isa = XCSwiftPackageProductDependency;
			package = 25F29A4F2A4C63060008E1BD /* XCRemoteSwiftPackageReference "socket" */;
			productName = SocketIO;
		};
/* End XCSwiftPackageProductDependency section */
	};
	rootObject = 254CFBA52A47443A006363F4 /* Project object */;
}
